// !$*UTF8*$!
{
	archiveVersion = 1;
	classes = {
	};
	objectVersion = 46;
	objects = {

/* Begin PBXBuildFile section */
		A20A93E6120C05FC65326DB5 /* libPods.a in Frameworks */ = {isa = PBXBuildFile; fileRef = 8C29BEE14A91E91E0379EA3A /* libPods.a */; };
		E85DEAD41A2D562900ADE57A /* main.m in Sources */ = {isa = PBXBuildFile; fileRef = E85DEAD31A2D562900ADE57A /* main.m */; };
		E85DEAD71A2D562900ADE57A /* AppDelegate.m in Sources */ = {isa = PBXBuildFile; fileRef = E85DEAD61A2D562900ADE57A /* AppDelegate.m */; };
		E85DEADA1A2D562900ADE57A /* ViewController.m in Sources */ = {isa = PBXBuildFile; fileRef = E85DEAD91A2D562900ADE57A /* ViewController.m */; };
		E85DEADD1A2D562900ADE57A /* Main.storyboard in Resources */ = {isa = PBXBuildFile; fileRef = E85DEADB1A2D562900ADE57A /* Main.storyboard */; };
		E85DEADF1A2D562900ADE57A /* Images.xcassets in Resources */ = {isa = PBXBuildFile; fileRef = E85DEADE1A2D562900ADE57A /* Images.xcassets */; };
		E85DEAE21A2D562900ADE57A /* LaunchScreen.xib in Resources */ = {isa = PBXBuildFile; fileRef = E85DEAE01A2D562900ADE57A /* LaunchScreen.xib */; };
		E85DEAEE1A2D562900ADE57A /* RegisterPractice1202Tests.m in Sources */ = {isa = PBXBuildFile; fileRef = E85DEAED1A2D562900ADE57A /* RegisterPractice1202Tests.m */; };
		E85DEAF81A2D690500ADE57A /* alphacamp@2x.png in Resources */ = {isa = PBXBuildFile; fileRef = E85DEAF71A2D690500ADE57A /* alphacamp@2x.png */; };
		E85DEB7A1A2EC29600ADE57A /* img_info _birth.png in Resources */ = {isa = PBXBuildFile; fileRef = E85DEB6A1A2EC29600ADE57A /* img_info _birth.png */; };
		E85DEB7B1A2EC29600ADE57A /* img_info _birth@2x.png in Resources */ = {isa = PBXBuildFile; fileRef = E85DEB6B1A2EC29600ADE57A /* img_info _birth@2x.png */; };
		E85DEB7C1A2EC29600ADE57A /* img_info_account.png in Resources */ = {isa = PBXBuildFile; fileRef = E85DEB6C1A2EC29600ADE57A /* img_info_account.png */; };
		E85DEB7D1A2EC29600ADE57A /* img_info_account@2z.png in Resources */ = {isa = PBXBuildFile; fileRef = E85DEB6D1A2EC29600ADE57A /* img_info_account@2z.png */; };
		E85DEB7E1A2EC29600ADE57A /* img_info_address.png in Resources */ = {isa = PBXBuildFile; fileRef = E85DEB6E1A2EC29600ADE57A /* img_info_address.png */; };
		E85DEB7F1A2EC29600ADE57A /* img_info_address@2x.png in Resources */ = {isa = PBXBuildFile; fileRef = E85DEB6F1A2EC29600ADE57A /* img_info_address@2x.png */; };
		E85DEB801A2EC29600ADE57A /* img_info_gender.png in Resources */ = {isa = PBXBuildFile; fileRef = E85DEB701A2EC29600ADE57A /* img_info_gender.png */; };
		E85DEB811A2EC29600ADE57A /* img_info_gender@2z.png in Resources */ = {isa = PBXBuildFile; fileRef = E85DEB711A2EC29600ADE57A /* img_info_gender@2z.png */; };
		E85DEB821A2EC29600ADE57A /* img_info_name.png in Resources */ = {isa = PBXBuildFile; fileRef = E85DEB721A2EC29600ADE57A /* img_info_name.png */; };
		E85DEB831A2EC29600ADE57A /* img_info_name@2X.png in Resources */ = {isa = PBXBuildFile; fileRef = E85DEB731A2EC29600ADE57A /* img_info_name@2X.png */; };
		E85DEB841A2EC29600ADE57A /* img_info_password.png in Resources */ = {isa = PBXBuildFile; fileRef = E85DEB741A2EC29600ADE57A /* img_info_password.png */; };
		E85DEB851A2EC29600ADE57A /* img_info_password@2z.png in Resources */ = {isa = PBXBuildFile; fileRef = E85DEB751A2EC29600ADE57A /* img_info_password@2z.png */; };
		E85DEB861A2EC29600ADE57A /* img_info_phone1.png in Resources */ = {isa = PBXBuildFile; fileRef = E85DEB761A2EC29600ADE57A /* img_info_phone1.png */; };
		E85DEB871A2EC29600ADE57A /* img_info_phone1@2x.png in Resources */ = {isa = PBXBuildFile; fileRef = E85DEB771A2EC29600ADE57A /* img_info_phone1@2x.png */; };
		E85DEB881A2EC29600ADE57A /* img_info_phone2.png in Resources */ = {isa = PBXBuildFile; fileRef = E85DEB781A2EC29600ADE57A /* img_info_phone2.png */; };
		E85DEB891A2EC29600ADE57A /* img_info_phone2@2x.png in Resources */ = {isa = PBXBuildFile; fileRef = E85DEB791A2EC29600ADE57A /* img_info_phone2@2x.png */; };
		E85DEB8F1A2EC36300ADE57A /* img_moredetail.png in Resources */ = {isa = PBXBuildFile; fileRef = E85DEB8B1A2EC36300ADE57A /* img_moredetail.png */; };
		E85DEB901A2EC36300ADE57A /* img_moredetail@2x.png in Resources */ = {isa = PBXBuildFile; fileRef = E85DEB8C1A2EC36300ADE57A /* img_moredetail@2x.png */; };
		E85DEB911A2EC36300ADE57A /* img_moreoption.png in Resources */ = {isa = PBXBuildFile; fileRef = E85DEB8D1A2EC36300ADE57A /* img_moreoption.png */; };
		E85DEB921A2EC36300ADE57A /* img_moreoption@2x.png in Resources */ = {isa = PBXBuildFile; fileRef = E85DEB8E1A2EC36300ADE57A /* img_moreoption@2x.png */; };
/* End PBXBuildFile section */

/* Begin PBXContainerItemProxy section */
		E85DEAE81A2D562900ADE57A /* PBXContainerItemProxy */ = {
			isa = PBXContainerItemProxy;
			containerPortal = E85DEAC61A2D562900ADE57A /* Project object */;
			proxyType = 1;
			remoteGlobalIDString = E85DEACD1A2D562900ADE57A;
			remoteInfo = RegisterPractice1202;
		};
/* End PBXContainerItemProxy section */

/* Begin PBXFileReference section */
		262C374E936DA6367AACD2C1 /* Pods.release.xcconfig */ = {isa = PBXFileReference; includeInIndex = 1; lastKnownFileType = text.xcconfig; name = Pods.release.xcconfig; path = "Pods/Target Support Files/Pods/Pods.release.xcconfig"; sourceTree = "<group>"; };
		554718FCC33A020E9BA56D9A /* Pods.debug.xcconfig */ = {isa = PBXFileReference; includeInIndex = 1; lastKnownFileType = text.xcconfig; name = Pods.debug.xcconfig; path = "Pods/Target Support Files/Pods/Pods.debug.xcconfig"; sourceTree = "<group>"; };
		8C29BEE14A91E91E0379EA3A /* libPods.a */ = {isa = PBXFileReference; explicitFileType = archive.ar; includeInIndex = 0; path = libPods.a; sourceTree = BUILT_PRODUCTS_DIR; };
		E85DEACE1A2D562900ADE57A /* RegisterPractice1202.app */ = {isa = PBXFileReference; explicitFileType = wrapper.application; includeInIndex = 0; path = RegisterPractice1202.app; sourceTree = BUILT_PRODUCTS_DIR; };
		E85DEAD21A2D562900ADE57A /* Info.plist */ = {isa = PBXFileReference; lastKnownFileType = text.plist.xml; path = Info.plist; sourceTree = "<group>"; };
		E85DEAD31A2D562900ADE57A /* main.m */ = {isa = PBXFileReference; lastKnownFileType = sourcecode.c.objc; path = main.m; sourceTree = "<group>"; };
		E85DEAD51A2D562900ADE57A /* AppDelegate.h */ = {isa = PBXFileReference; lastKnownFileType = sourcecode.c.h; path = AppDelegate.h; sourceTree = "<group>"; };
		E85DEAD61A2D562900ADE57A /* AppDelegate.m */ = {isa = PBXFileReference; lastKnownFileType = sourcecode.c.objc; path = AppDelegate.m; sourceTree = "<group>"; };
		E85DEAD81A2D562900ADE57A /* ViewController.h */ = {isa = PBXFileReference; lastKnownFileType = sourcecode.c.h; path = ViewController.h; sourceTree = "<group>"; };
		E85DEAD91A2D562900ADE57A /* ViewController.m */ = {isa = PBXFileReference; lastKnownFileType = sourcecode.c.objc; path = ViewController.m; sourceTree = "<group>"; };
		E85DEADC1A2D562900ADE57A /* Base */ = {isa = PBXFileReference; lastKnownFileType = file.storyboard; name = Base; path = Base.lproj/Main.storyboard; sourceTree = "<group>"; };
		E85DEADE1A2D562900ADE57A /* Images.xcassets */ = {isa = PBXFileReference; lastKnownFileType = folder.assetcatalog; path = Images.xcassets; sourceTree = "<group>"; };
		E85DEAE11A2D562900ADE57A /* Base */ = {isa = PBXFileReference; lastKnownFileType = file.xib; name = Base; path = Base.lproj/LaunchScreen.xib; sourceTree = "<group>"; };
		E85DEAE71A2D562900ADE57A /* RegisterPractice1202Tests.xctest */ = {isa = PBXFileReference; explicitFileType = wrapper.cfbundle; includeInIndex = 0; path = RegisterPractice1202Tests.xctest; sourceTree = BUILT_PRODUCTS_DIR; };
		E85DEAEC1A2D562900ADE57A /* Info.plist */ = {isa = PBXFileReference; lastKnownFileType = text.plist.xml; path = Info.plist; sourceTree = "<group>"; };
		E85DEAED1A2D562900ADE57A /* RegisterPractice1202Tests.m */ = {isa = PBXFileReference; lastKnownFileType = sourcecode.c.objc; path = RegisterPractice1202Tests.m; sourceTree = "<group>"; };
		E85DEAF71A2D690500ADE57A /* alphacamp@2x.png */ = {isa = PBXFileReference; lastKnownFileType = image.png; path = "alphacamp@2x.png"; sourceTree = "<group>"; };
		E85DEB6A1A2EC29600ADE57A /* img_info _birth.png */ = {isa = PBXFileReference; lastKnownFileType = image.png; path = "img_info _birth.png"; sourceTree = "<group>"; };
		E85DEB6B1A2EC29600ADE57A /* img_info _birth@2x.png */ = {isa = PBXFileReference; lastKnownFileType = image.png; path = "img_info _birth@2x.png"; sourceTree = "<group>"; };
		E85DEB6C1A2EC29600ADE57A /* img_info_account.png */ = {isa = PBXFileReference; lastKnownFileType = image.png; path = img_info_account.png; sourceTree = "<group>"; };
		E85DEB6D1A2EC29600ADE57A /* img_info_account@2z.png */ = {isa = PBXFileReference; lastKnownFileType = image.png; path = "img_info_account@2z.png"; sourceTree = "<group>"; };
		E85DEB6E1A2EC29600ADE57A /* img_info_address.png */ = {isa = PBXFileReference; lastKnownFileType = image.png; path = img_info_address.png; sourceTree = "<group>"; };
		E85DEB6F1A2EC29600ADE57A /* img_info_address@2x.png */ = {isa = PBXFileReference; lastKnownFileType = image.png; path = "img_info_address@2x.png"; sourceTree = "<group>"; };
		E85DEB701A2EC29600ADE57A /* img_info_gender.png */ = {isa = PBXFileReference; lastKnownFileType = image.png; path = img_info_gender.png; sourceTree = "<group>"; };
		E85DEB711A2EC29600ADE57A /* img_info_gender@2z.png */ = {isa = PBXFileReference; lastKnownFileType = image.png; path = "img_info_gender@2z.png"; sourceTree = "<group>"; };
		E85DEB721A2EC29600ADE57A /* img_info_name.png */ = {isa = PBXFileReference; lastKnownFileType = image.png; path = img_info_name.png; sourceTree = "<group>"; };
		E85DEB731A2EC29600ADE57A /* img_info_name@2X.png */ = {isa = PBXFileReference; lastKnownFileType = image.png; path = "img_info_name@2X.png"; sourceTree = "<group>"; };
		E85DEB741A2EC29600ADE57A /* img_info_password.png */ = {isa = PBXFileReference; lastKnownFileType = image.png; path = img_info_password.png; sourceTree = "<group>"; };
		E85DEB751A2EC29600ADE57A /* img_info_password@2z.png */ = {isa = PBXFileReference; lastKnownFileType = image.png; path = "img_info_password@2z.png"; sourceTree = "<group>"; };
		E85DEB761A2EC29600ADE57A /* img_info_phone1.png */ = {isa = PBXFileReference; lastKnownFileType = image.png; path = img_info_phone1.png; sourceTree = "<group>"; };
		E85DEB771A2EC29600ADE57A /* img_info_phone1@2x.png */ = {isa = PBXFileReference; lastKnownFileType = image.png; path = "img_info_phone1@2x.png"; sourceTree = "<group>"; };
		E85DEB781A2EC29600ADE57A /* img_info_phone2.png */ = {isa = PBXFileReference; lastKnownFileType = image.png; path = img_info_phone2.png; sourceTree = "<group>"; };
		E85DEB791A2EC29600ADE57A /* img_info_phone2@2x.png */ = {isa = PBXFileReference; lastKnownFileType = image.png; path = "img_info_phone2@2x.png"; sourceTree = "<group>"; };
		E85DEB8B1A2EC36300ADE57A /* img_moredetail.png */ = {isa = PBXFileReference; lastKnownFileType = image.png; path = img_moredetail.png; sourceTree = "<group>"; };
		E85DEB8C1A2EC36300ADE57A /* img_moredetail@2x.png */ = {isa = PBXFileReference; lastKnownFileType = image.png; path = "img_moredetail@2x.png"; sourceTree = "<group>"; };
		E85DEB8D1A2EC36300ADE57A /* img_moreoption.png */ = {isa = PBXFileReference; lastKnownFileType = image.png; path = img_moreoption.png; sourceTree = "<group>"; };
		E85DEB8E1A2EC36300ADE57A /* img_moreoption@2x.png */ = {isa = PBXFileReference; lastKnownFileType = image.png; path = "img_moreoption@2x.png"; sourceTree = "<group>"; };
/* End PBXFileReference section */

/* Begin PBXFrameworksBuildPhase section */
		E85DEACB1A2D562900ADE57A /* Frameworks */ = {
			isa = PBXFrameworksBuildPhase;
			buildActionMask = 2147483647;
			files = (
				A20A93E6120C05FC65326DB5 /* libPods.a in Frameworks */,
			);
			runOnlyForDeploymentPostprocessing = 0;
		};
		E85DEAE41A2D562900ADE57A /* Frameworks */ = {
			isa = PBXFrameworksBuildPhase;
			buildActionMask = 2147483647;
			files = (
			);
			runOnlyForDeploymentPostprocessing = 0;
		};
/* End PBXFrameworksBuildPhase section */

/* Begin PBXGroup section */
		9AC355AEFA64427D419491E2 /* Pods */ = {
			isa = PBXGroup;
			children = (
				554718FCC33A020E9BA56D9A /* Pods.debug.xcconfig */,
				262C374E936DA6367AACD2C1 /* Pods.release.xcconfig */,
			);
			name = Pods;
			sourceTree = "<group>";
		};
		E2CC0A4E29907EA12BD3C4F1 /* Frameworks */ = {
			isa = PBXGroup;
			children = (
				8C29BEE14A91E91E0379EA3A /* libPods.a */,
			);
			name = Frameworks;
			sourceTree = "<group>";
		};
		E85DEAC51A2D562900ADE57A = {
			isa = PBXGroup;
			children = (
				E85DEAD01A2D562900ADE57A /* RegisterPractice1202 */,
				E85DEAEA1A2D562900ADE57A /* RegisterPractice1202Tests */,
				E85DEACF1A2D562900ADE57A /* Products */,
				9AC355AEFA64427D419491E2 /* Pods */,
				E2CC0A4E29907EA12BD3C4F1 /* Frameworks */,
			);
			sourceTree = "<group>";
		};
		E85DEACF1A2D562900ADE57A /* Products */ = {
			isa = PBXGroup;
			children = (
				E85DEACE1A2D562900ADE57A /* RegisterPractice1202.app */,
				E85DEAE71A2D562900ADE57A /* RegisterPractice1202Tests.xctest */,
			);
			name = Products;
			sourceTree = "<group>";
		};
		E85DEAD01A2D562900ADE57A /* RegisterPractice1202 */ = {
			isa = PBXGroup;
			children = (
				E85DEAD51A2D562900ADE57A /* AppDelegate.h */,
				E85DEAD61A2D562900ADE57A /* AppDelegate.m */,
				E85DEAD81A2D562900ADE57A /* ViewController.h */,
				E85DEAD91A2D562900ADE57A /* ViewController.m */,
				E85DEADB1A2D562900ADE57A /* Main.storyboard */,
				E85DEADE1A2D562900ADE57A /* Images.xcassets */,
				E85DEAE01A2D562900ADE57A /* LaunchScreen.xib */,
				E85DEAD11A2D562900ADE57A /* Supporting Files */,
			);
			path = RegisterPractice1202;
			sourceTree = "<group>";
		};
		E85DEAD11A2D562900ADE57A /* Supporting Files */ = {
			isa = PBXGroup;
			children = (
				E85DEB691A2EC29600ADE57A /* icons */,
				E85DEAF71A2D690500ADE57A /* alphacamp@2x.png */,
				E85DEAD21A2D562900ADE57A /* Info.plist */,
				E85DEAD31A2D562900ADE57A /* main.m */,
			);
			name = "Supporting Files";
			sourceTree = "<group>";
		};
		E85DEAEA1A2D562900ADE57A /* RegisterPractice1202Tests */ = {
			isa = PBXGroup;
			children = (
				E85DEAED1A2D562900ADE57A /* RegisterPractice1202Tests.m */,
				E85DEAEB1A2D562900ADE57A /* Supporting Files */,
			);
			path = RegisterPractice1202Tests;
			sourceTree = "<group>";
		};
		E85DEAEB1A2D562900ADE57A /* Supporting Files */ = {
			isa = PBXGroup;
			children = (
				E85DEAEC1A2D562900ADE57A /* Info.plist */,
			);
			name = "Supporting Files";
			sourceTree = "<group>";
		};
		E85DEB691A2EC29600ADE57A /* icons */ = {
			isa = PBXGroup;
			children = (
				E85DEB8A1A2EC36300ADE57A /* icons_set2 */,
				E85DEB6A1A2EC29600ADE57A /* img_info _birth.png */,
				E85DEB6B1A2EC29600ADE57A /* img_info _birth@2x.png */,
				E85DEB6C1A2EC29600ADE57A /* img_info_account.png */,
				E85DEB6D1A2EC29600ADE57A /* img_info_account@2z.png */,
				E85DEB6E1A2EC29600ADE57A /* img_info_address.png */,
				E85DEB6F1A2EC29600ADE57A /* img_info_address@2x.png */,
				E85DEB701A2EC29600ADE57A /* img_info_gender.png */,
				E85DEB711A2EC29600ADE57A /* img_info_gender@2z.png */,
				E85DEB721A2EC29600ADE57A /* img_info_name.png */,
				E85DEB731A2EC29600ADE57A /* img_info_name@2X.png */,
				E85DEB741A2EC29600ADE57A /* img_info_password.png */,
				E85DEB751A2EC29600ADE57A /* img_info_password@2z.png */,
				E85DEB761A2EC29600ADE57A /* img_info_phone1.png */,
				E85DEB771A2EC29600ADE57A /* img_info_phone1@2x.png */,
				E85DEB781A2EC29600ADE57A /* img_info_phone2.png */,
				E85DEB791A2EC29600ADE57A /* img_info_phone2@2x.png */,
			);
			path = icons;
			sourceTree = "<group>";
		};
		E85DEB8A1A2EC36300ADE57A /* icons_set2 */ = {
			isa = PBXGroup;
			children = (
				E85DEB8B1A2EC36300ADE57A /* img_moredetail.png */,
				E85DEB8C1A2EC36300ADE57A /* img_moredetail@2x.png */,
				E85DEB8D1A2EC36300ADE57A /* img_moreoption.png */,
				E85DEB8E1A2EC36300ADE57A /* img_moreoption@2x.png */,
			);
			path = icons_set2;
			sourceTree = "<group>";
		};
/* End PBXGroup section */

/* Begin PBXNativeTarget section */
		E85DEACD1A2D562900ADE57A /* RegisterPractice1202 */ = {
			isa = PBXNativeTarget;
			buildConfigurationList = E85DEAF11A2D562900ADE57A /* Build configuration list for PBXNativeTarget "RegisterPractice1202" */;
			buildPhases = (
				65810ACE87C32F005D034805 /* Check Pods Manifest.lock */,
				E85DEACA1A2D562900ADE57A /* Sources */,
				E85DEACB1A2D562900ADE57A /* Frameworks */,
				E85DEACC1A2D562900ADE57A /* Resources */,
				ACA3D3FE6008F13BB8832342 /* Copy Pods Resources */,
			);
			buildRules = (
			);
			dependencies = (
			);
			name = RegisterPractice1202;
			productName = RegisterPractice1202;
			productReference = E85DEACE1A2D562900ADE57A /* RegisterPractice1202.app */;
			productType = "com.apple.product-type.application";
		};
		E85DEAE61A2D562900ADE57A /* RegisterPractice1202Tests */ = {
			isa = PBXNativeTarget;
			buildConfigurationList = E85DEAF41A2D562900ADE57A /* Build configuration list for PBXNativeTarget "RegisterPractice1202Tests" */;
			buildPhases = (
				E85DEAE31A2D562900ADE57A /* Sources */,
				E85DEAE41A2D562900ADE57A /* Frameworks */,
				E85DEAE51A2D562900ADE57A /* Resources */,
			);
			buildRules = (
			);
			dependencies = (
				E85DEAE91A2D562900ADE57A /* PBXTargetDependency */,
			);
			name = RegisterPractice1202Tests;
			productName = RegisterPractice1202Tests;
			productReference = E85DEAE71A2D562900ADE57A /* RegisterPractice1202Tests.xctest */;
			productType = "com.apple.product-type.bundle.unit-test";
		};
/* End PBXNativeTarget section */

/* Begin PBXProject section */
		E85DEAC61A2D562900ADE57A /* Project object */ = {
			isa = PBXProject;
			attributes = {
				LastUpgradeCheck = 0610;
				ORGANIZATIONNAME = "PiHan Hsu";
				TargetAttributes = {
					E85DEACD1A2D562900ADE57A = {
						CreatedOnToolsVersion = 6.1;
					};
					E85DEAE61A2D562900ADE57A = {
						CreatedOnToolsVersion = 6.1;
						TestTargetID = E85DEACD1A2D562900ADE57A;
					};
				};
			};
			buildConfigurationList = E85DEAC91A2D562900ADE57A /* Build configuration list for PBXProject "RegisterPractice1202" */;
			compatibilityVersion = "Xcode 3.2";
			developmentRegion = English;
			hasScannedForEncodings = 0;
			knownRegions = (
				en,
				Base,
			);
			mainGroup = E85DEAC51A2D562900ADE57A;
			productRefGroup = E85DEACF1A2D562900ADE57A /* Products */;
			projectDirPath = "";
			projectRoot = "";
			targets = (
				E85DEACD1A2D562900ADE57A /* RegisterPractice1202 */,
				E85DEAE61A2D562900ADE57A /* RegisterPractice1202Tests */,
			);
		};
/* End PBXProject section */

/* Begin PBXResourcesBuildPhase section */
		E85DEACC1A2D562900ADE57A /* Resources */ = {
			isa = PBXResourcesBuildPhase;
			buildActionMask = 2147483647;
			files = (
				E85DEB801A2EC29600ADE57A /* img_info_gender.png in Resources */,
				E85DEB871A2EC29600ADE57A /* img_info_phone1@2x.png in Resources */,
				E85DEB851A2EC29600ADE57A /* img_info_password@2z.png in Resources */,
				E85DEB8F1A2EC36300ADE57A /* img_moredetail.png in Resources */,
				E85DEB841A2EC29600ADE57A /* img_info_password.png in Resources */,
				E85DEAF81A2D690500ADE57A /* alphacamp@2x.png in Resources */,
				E85DEB881A2EC29600ADE57A /* img_info_phone2.png in Resources */,
				E85DEB7F1A2EC29600ADE57A /* img_info_address@2x.png in Resources */,
				E85DEADD1A2D562900ADE57A /* Main.storyboard in Resources */,
				E85DEB861A2EC29600ADE57A /* img_info_phone1.png in Resources */,
				E85DEB921A2EC36300ADE57A /* img_moreoption@2x.png in Resources */,
				E85DEB7E1A2EC29600ADE57A /* img_info_address.png in Resources */,
				E85DEB811A2EC29600ADE57A /* img_info_gender@2z.png in Resources */,
				E85DEB901A2EC36300ADE57A /* img_moredetail@2x.png in Resources */,
				E85DEB7D1A2EC29600ADE57A /* img_info_account@2z.png in Resources */,
				E85DEB7A1A2EC29600ADE57A /* img_info _birth.png in Resources */,
				E85DEB911A2EC36300ADE57A /* img_moreoption.png in Resources */,
				E85DEAE21A2D562900ADE57A /* LaunchScreen.xib in Resources */,
				E85DEB831A2EC29600ADE57A /* img_info_name@2X.png in Resources */,
				E85DEB821A2EC29600ADE57A /* img_info_name.png in Resources */,
				E85DEB7C1A2EC29600ADE57A /* img_info_account.png in Resources */,
				E85DEADF1A2D562900ADE57A /* Images.xcassets in Resources */,
				E85DEB891A2EC29600ADE57A /* img_info_phone2@2x.png in Resources */,
				E85DEB7B1A2EC29600ADE57A /* img_info _birth@2x.png in Resources */,
			);
			runOnlyForDeploymentPostprocessing = 0;
		};
		E85DEAE51A2D562900ADE57A /* Resources */ = {
			isa = PBXResourcesBuildPhase;
			buildActionMask = 2147483647;
			files = (
			);
			runOnlyForDeploymentPostprocessing = 0;
		};
/* End PBXResourcesBuildPhase section */

/* Begin PBXShellScriptBuildPhase section */
		65810ACE87C32F005D034805 /* Check Pods Manifest.lock */ = {
			isa = PBXShellScriptBuildPhase;
			buildActionMask = 2147483647;
			files = (
			);
			inputPaths = (
			);
			name = "Check Pods Manifest.lock";
			outputPaths = (
			);
			runOnlyForDeploymentPostprocessing = 0;
			shellPath = /bin/sh;
			shellScript = "diff \"${PODS_ROOT}/../Podfile.lock\" \"${PODS_ROOT}/Manifest.lock\" > /dev/null\nif [[ $? != 0 ]] ; then\n    cat << EOM\nerror: The sandbox is not in sync with the Podfile.lock. Run 'pod install' or update your CocoaPods installation.\nEOM\n    exit 1\nfi\n";
			showEnvVarsInLog = 0;
		};
		ACA3D3FE6008F13BB8832342 /* Copy Pods Resources */ = {
			isa = PBXShellScriptBuildPhase;
			buildActionMask = 2147483647;
			files = (
			);
			inputPaths = (
			);
			name = "Copy Pods Resources";
			outputPaths = (
			);
			runOnlyForDeploymentPostprocessing = 0;
			shellPath = /bin/sh;
			shellScript = "\"${SRCROOT}/Pods/Target Support Files/Pods/Pods-resources.sh\"\n";
			showEnvVarsInLog = 0;
		};
/* End PBXShellScriptBuildPhase section */

/* Begin PBXSourcesBuildPhase section */
		E85DEACA1A2D562900ADE57A /* Sources */ = {
			isa = PBXSourcesBuildPhase;
			buildActionMask = 2147483647;
			files = (
				E85DEADA1A2D562900ADE57A /* ViewController.m in Sources */,
				E85DEAD71A2D562900ADE57A /* AppDelegate.m in Sources */,
				E85DEAD41A2D562900ADE57A /* main.m in Sources */,
			);
			runOnlyForDeploymentPostprocessing = 0;
		};
		E85DEAE31A2D562900ADE57A /* Sources */ = {
			isa = PBXSourcesBuildPhase;
			buildActionMask = 2147483647;
			files = (
				E85DEAEE1A2D562900ADE57A /* RegisterPractice1202Tests.m in Sources */,
			);
			runOnlyForDeploymentPostprocessing = 0;
		};
/* End PBXSourcesBuildPhase section */

/* Begin PBXTargetDependency section */
		E85DEAE91A2D562900ADE57A /* PBXTargetDependency */ = {
			isa = PBXTargetDependency;
			target = E85DEACD1A2D562900ADE57A /* RegisterPractice1202 */;
			targetProxy = E85DEAE81A2D562900ADE57A /* PBXContainerItemProxy */;
		};
/* End PBXTargetDependency section */

/* Begin PBXVariantGroup section */
		E85DEADB1A2D562900ADE57A /* Main.storyboard */ = {
			isa = PBXVariantGroup;
			children = (
				E85DEADC1A2D562900ADE57A /* Base */,
			);
			name = Main.storyboard;
			sourceTree = "<group>";
		};
		E85DEAE01A2D562900ADE57A /* LaunchScreen.xib */ = {
			isa = PBXVariantGroup;
			children = (
				E85DEAE11A2D562900ADE57A /* Base */,
			);
			name = LaunchScreen.xib;
			sourceTree = "<group>";
		};
/* End PBXVariantGroup section */

/* Begin XCBuildConfiguration section */
		E85DEAEF1A2D562900ADE57A /* Debug */ = {
			isa = XCBuildConfiguration;
			buildSettings = {
				ALWAYS_SEARCH_USER_PATHS = NO;
				CLANG_CXX_LANGUAGE_STANDARD = "gnu++0x";
				CLANG_CXX_LIBRARY = "libc++";
				CLANG_ENABLE_MODULES = YES;
				CLANG_ENABLE_OBJC_ARC = YES;
				CLANG_WARN_BOOL_CONVERSION = YES;
				CLANG_WARN_CONSTANT_CONVERSION = YES;
				CLANG_WARN_DIRECT_OBJC_ISA_USAGE = YES_ERROR;
				CLANG_WARN_EMPTY_BODY = YES;
				CLANG_WARN_ENUM_CONVERSION = YES;
				CLANG_WARN_INT_CONVERSION = YES;
				CLANG_WARN_OBJC_ROOT_CLASS = YES_ERROR;
				CLANG_WARN_UNREACHABLE_CODE = YES;
				CLANG_WARN__DUPLICATE_METHOD_MATCH = YES;
				"CODE_SIGN_IDENTITY[sdk=iphoneos*]" = "iPhone Developer";
				COPY_PHASE_STRIP = NO;
				ENABLE_STRICT_OBJC_MSGSEND = YES;
				GCC_C_LANGUAGE_STANDARD = gnu99;
				GCC_DYNAMIC_NO_PIC = NO;
				GCC_OPTIMIZATION_LEVEL = 0;
				GCC_PREPROCESSOR_DEFINITIONS = (
					"DEBUG=1",
					"$(inherited)",
				);
				GCC_SYMBOLS_PRIVATE_EXTERN = NO;
				GCC_WARN_64_TO_32_BIT_CONVERSION = YES;
				GCC_WARN_ABOUT_RETURN_TYPE = YES_ERROR;
				GCC_WARN_UNDECLARED_SELECTOR = YES;
				GCC_WARN_UNINITIALIZED_AUTOS = YES_AGGRESSIVE;
				GCC_WARN_UNUSED_FUNCTION = YES;
				GCC_WARN_UNUSED_VARIABLE = YES;
				IPHONEOS_DEPLOYMENT_TARGET = 8.1;
				MTL_ENABLE_DEBUG_INFO = YES;
				ONLY_ACTIVE_ARCH = YES;
				SDKROOT = iphoneos;
			};
			name = Debug;
		};
		E85DEAF01A2D562900ADE57A /* Release */ = {
			isa = XCBuildConfiguration;
			buildSettings = {
				ALWAYS_SEARCH_USER_PATHS = NO;
				CLANG_CXX_LANGUAGE_STANDARD = "gnu++0x";
				CLANG_CXX_LIBRARY = "libc++";
				CLANG_ENABLE_MODULES = YES;
				CLANG_ENABLE_OBJC_ARC = YES;
				CLANG_WARN_BOOL_CONVERSION = YES;
				CLANG_WARN_CONSTANT_CONVERSION = YES;
				CLANG_WARN_DIRECT_OBJC_ISA_USAGE = YES_ERROR;
				CLANG_WARN_EMPTY_BODY = YES;
				CLANG_WARN_ENUM_CONVERSION = YES;
				CLANG_WARN_INT_CONVERSION = YES;
				CLANG_WARN_OBJC_ROOT_CLASS = YES_ERROR;
				CLANG_WARN_UNREACHABLE_CODE = YES;
				CLANG_WARN__DUPLICATE_METHOD_MATCH = YES;
				"CODE_SIGN_IDENTITY[sdk=iphoneos*]" = "iPhone Developer";
				COPY_PHASE_STRIP = YES;
				ENABLE_NS_ASSERTIONS = NO;
				ENABLE_STRICT_OBJC_MSGSEND = YES;
				GCC_C_LANGUAGE_STANDARD = gnu99;
				GCC_WARN_64_TO_32_BIT_CONVERSION = YES;
				GCC_WARN_ABOUT_RETURN_TYPE = YES_ERROR;
				GCC_WARN_UNDECLARED_SELECTOR = YES;
				GCC_WARN_UNINITIALIZED_AUTOS = YES_AGGRESSIVE;
				GCC_WARN_UNUSED_FUNCTION = YES;
				GCC_WARN_UNUSED_VARIABLE = YES;
				IPHONEOS_DEPLOYMENT_TARGET = 8.1;
				MTL_ENABLE_DEBUG_INFO = NO;
				SDKROOT = iphoneos;
				VALIDATE_PRODUCT = YES;
			};
			name = Release;
		};
		E85DEAF21A2D562900ADE57A /* Debug */ = {
			isa = XCBuildConfiguration;
			baseConfigurationReference = 554718FCC33A020E9BA56D9A /* Pods.debug.xcconfig */;
			buildSettings = {
				ASSETCATALOG_COMPILER_APPICON_NAME = AppIcon;
				INFOPLIST_FILE = RegisterPractice1202/Info.plist;
				LD_RUNPATH_SEARCH_PATHS = "$(inherited) @executable_path/Frameworks";
				PRODUCT_NAME = "$(TARGET_NAME)";
			};
			name = Debug;
		};
		E85DEAF31A2D562900ADE57A /* Release */ = {
			isa = XCBuildConfiguration;
			baseConfigurationReference = 262C374E936DA6367AACD2C1 /* Pods.release.xcconfig */;
			buildSettings = {
				ASSETCATALOG_COMPILER_APPICON_NAME = AppIcon;
				INFOPLIST_FILE = RegisterPractice1202/Info.plist;
				LD_RUNPATH_SEARCH_PATHS = "$(inherited) @executable_path/Frameworks";
				PRODUCT_NAME = "$(TARGET_NAME)";
			};
			name = Release;
		};
		E85DEAF51A2D562900ADE57A /* Debug */ = {
			isa = XCBuildConfiguration;
			buildSettings = {
				BUNDLE_LOADER = "$(TEST_HOST)";
				FRAMEWORK_SEARCH_PATHS = (
					"$(SDKROOT)/Developer/Library/Frameworks",
					"$(inherited)",
				);
				GCC_PREPROCESSOR_DEFINITIONS = (
					"DEBUG=1",
					"$(inherited)",
				);
				INFOPLIST_FILE = RegisterPractice1202Tests/Info.plist;
				LD_RUNPATH_SEARCH_PATHS = "$(inherited) @executable_path/Frameworks @loader_path/Frameworks";
				PRODUCT_NAME = "$(TARGET_NAME)";
				TEST_HOST = "$(BUILT_PRODUCTS_DIR)/RegisterPractice1202.app/RegisterPractice1202";
			};
			name = Debug;
		};
		E85DEAF61A2D562900ADE57A /* Release */ = {
			isa = XCBuildConfiguration;
			buildSettings = {
				BUNDLE_LOADER = "$(TEST_HOST)";
				FRAMEWORK_SEARCH_PATHS = (
					"$(SDKROOT)/Developer/Library/Frameworks",
					"$(inherited)",
				);
				INFOPLIST_FILE = RegisterPractice1202Tests/Info.plist;
				LD_RUNPATH_SEARCH_PATHS = "$(inherited) @executable_path/Frameworks @loader_path/Frameworks";
				PRODUCT_NAME = "$(TARGET_NAME)";
				TEST_HOST = "$(BUILT_PRODUCTS_DIR)/RegisterPractice1202.app/RegisterPractice1202";
			};
			name = Release;
		};
/* End XCBuildConfiguration section */

/* Begin XCConfigurationList section */
		E85DEAC91A2D562900ADE57A /* Build configuration list for PBXProject "RegisterPractice1202" */ = {
			isa = XCConfigurationList;
			buildConfigurations = (
				E85DEAEF1A2D562900ADE57A /* Debug */,
				E85DEAF01A2D562900ADE57A /* Release */,
			);
			defaultConfigurationIsVisible = 0;
			defaultConfigurationName = Release;
		};
		E85DEAF11A2D562900ADE57A /* Build configuration list for PBXNativeTarget "RegisterPractice1202" */ = {
			isa = XCConfigurationList;
			buildConfigurations = (
				E85DEAF21A2D562900ADE57A /* Debug */,
				E85DEAF31A2D562900ADE57A /* Release */,
			);
			defaultConfigurationIsVisible = 0;
			defaultConfigurationName = Release;
		};
		E85DEAF41A2D562900ADE57A /* Build configuration list for PBXNativeTarget "RegisterPractice1202Tests" */ = {
			isa = XCConfigurationList;
			buildConfigurations = (
				E85DEAF51A2D562900ADE57A /* Debug */,
				E85DEAF61A2D562900ADE57A /* Release */,
			);
			defaultConfigurationIsVisible = 0;
			defaultConfigurationName = Release;
		};
/* End XCConfigurationList section */
	};
	rootObject = E85DEAC61A2D562900ADE57A /* Project object */;
}
